// !$*UTF8*$!
{
	archiveVersion = 1;
	classes = {
	};
	objectVersion = 50;
	objects = {

/* Begin PBXBuildFile section */
		A373BC14269D43A70078269B /* AppDelegate.swift in Sources */ = {isa = PBXBuildFile; fileRef = A373BC13269D43A70078269B /* AppDelegate.swift */; };
		A373BC16269D43A70078269B /* SceneDelegate.swift in Sources */ = {isa = PBXBuildFile; fileRef = A373BC15269D43A70078269B /* SceneDelegate.swift */; };
		A373BC18269D43A70078269B /* ViewController.swift in Sources */ = {isa = PBXBuildFile; fileRef = A373BC17269D43A70078269B /* ViewController.swift */; };
		A373BC1B269D43A70078269B /* Main.storyboard in Resources */ = {isa = PBXBuildFile; fileRef = A373BC19269D43A70078269B /* Main.storyboard */; };
		A373BC1D269D43A80078269B /* Assets.xcassets in Resources */ = {isa = PBXBuildFile; fileRef = A373BC1C269D43A80078269B /* Assets.xcassets */; };
		A373BC20269D43A80078269B /* LaunchScreen.storyboard in Resources */ = {isa = PBXBuildFile; fileRef = A373BC1E269D43A80078269B /* LaunchScreen.storyboard */; };
		A373BC2D269D44590078269B /* the-digestive-system.png in Resources */ = {isa = PBXBuildFile; fileRef = A373BC29269D44580078269B /* the-digestive-system.png */; };
		A373BC2E269D44590078269B /* Urinary System in Resources */ = {isa = PBXBuildFile; fileRef = A373BC2A269D44580078269B /* Urinary System */; };
		A373BC2F269D44590078269B /* Human Anatomy.jpg in Resources */ = {isa = PBXBuildFile; fileRef = A373BC2B269D44580078269B /* Human Anatomy.jpg */; };
		A373BC30269D44590078269B /* Human Anatomy Text View Reference.pages in Resources */ = {isa = PBXBuildFile; fileRef = A373BC2C269D44590078269B /* Human Anatomy Text View Reference.pages */; };
/* End PBXBuildFile section */

/* Begin PBXFileReference section */
		A373BC10269D43A70078269B /* Human Anatomy.app */ = {isa = PBXFileReference; explicitFileType = wrapper.application; includeInIndex = 0; path = "Human Anatomy.app"; sourceTree = BUILT_PRODUCTS_DIR; };
		A373BC13269D43A70078269B /* AppDelegate.swift */ = {isa = PBXFileReference; lastKnownFileType = sourcecode.swift; path = AppDelegate.swift; sourceTree = "<group>"; };
		A373BC15269D43A70078269B /* SceneDelegate.swift */ = {isa = PBXFileReference; lastKnownFileType = sourcecode.swift; path = SceneDelegate.swift; sourceTree = "<group>"; };
		A373BC17269D43A70078269B /* ViewController.swift */ = {isa = PBXFileReference; lastKnownFileType = sourcecode.swift; path = ViewController.swift; sourceTree = "<group>"; };
		A373BC1A269D43A70078269B /* Base */ = {isa = PBXFileReference; lastKnownFileType = file.storyboard; name = Base; path = Base.lproj/Main.storyboard; sourceTree = "<group>"; };
		A373BC1C269D43A80078269B /* Assets.xcassets */ = {isa = PBXFileReference; lastKnownFileType = folder.assetcatalog; path = Assets.xcassets; sourceTree = "<group>"; };
		A373BC1F269D43A80078269B /* Base */ = {isa = PBXFileReference; lastKnownFileType = file.storyboard; name = Base; path = Base.lproj/LaunchScreen.storyboard; sourceTree = "<group>"; };
		A373BC21269D43A80078269B /* Info.plist */ = {isa = PBXFileReference; lastKnownFileType = text.plist.xml; path = Info.plist; sourceTree = "<group>"; };
		A373BC29269D44580078269B /* the-digestive-system.png */ = {isa = PBXFileReference; lastKnownFileType = image.png; path = "the-digestive-system.png"; sourceTree = "<group>"; };
		A373BC2A269D44580078269B /* Urinary System */ = {isa = PBXFileReference; lastKnownFileType = folder; path = "Urinary System"; sourceTree = "<group>"; };
		A373BC2B269D44580078269B /* Human Anatomy.jpg */ = {isa = PBXFileReference; lastKnownFileType = image.jpeg; path = "Human Anatomy.jpg"; sourceTree = "<group>"; };
		A373BC2C269D44590078269B /* Human Anatomy Text View Reference.pages */ = {isa = PBXFileReference; lastKnownFileType = file; path = "Human Anatomy Text View Reference.pages"; sourceTree = "<group>"; };
/* End PBXFileReference section */

/* Begin PBXFrameworksBuildPhase section */
		A373BC0D269D43A60078269B /* Frameworks */ = {
			isa = PBXFrameworksBuildPhase;
			buildActionMask = 2147483647;
			files = (
			);
			runOnlyForDeploymentPostprocessing = 0;
		};
/* End PBXFrameworksBuildPhase section */

/* Begin PBXGroup section */
		A373BC07269D43A60078269B = {
			isa = PBXGroup;
			children = (
				A373BC12269D43A70078269B /* Human Anatomy */,
				A373BC11269D43A70078269B /* Products */,
			);
			sourceTree = "<group>";
		};
		A373BC11269D43A70078269B /* Products */ = {
			isa = PBXGroup;
			children = (
				A373BC10269D43A70078269B /* Human Anatomy.app */,
			);
			name = Products;
			sourceTree = "<group>";
		};
		A373BC12269D43A70078269B /* Human Anatomy */ = {
			isa = PBXGroup;
			children = (
				A373BC28269D443E0078269B /* Supporting Files */,
				A373BC13269D43A70078269B /* AppDelegate.swift */,
				A373BC15269D43A70078269B /* SceneDelegate.swift */,
				A373BC17269D43A70078269B /* ViewController.swift */,
				A373BC19269D43A70078269B /* Main.storyboard */,
				A373BC1C269D43A80078269B /* Assets.xcassets */,
				A373BC1E269D43A80078269B /* LaunchScreen.storyboard */,
				A373BC21269D43A80078269B /* Info.plist */,
			);
			path = "Human Anatomy";
			sourceTree = "<group>";
		};
		A373BC28269D443E0078269B /* Supporting Files */ = {
			isa = PBXGroup;
			children = (
				A373BC2C269D44590078269B /* Human Anatomy Text View Reference.pages */,
				A373BC2B269D44580078269B /* Human Anatomy.jpg */,
				A373BC29269D44580078269B /* the-digestive-system.png */,
				A373BC2A269D44580078269B /* Urinary System */,
			);
			path = "Supporting Files";
			sourceTree = "<group>";
		};
/* End PBXGroup section */

/* Begin PBXNativeTarget section */
		A373BC0F269D43A60078269B /* Human Anatomy */ = {
			isa = PBXNativeTarget;
			buildConfigurationList = A373BC24269D43A80078269B /* Build configuration list for PBXNativeTarget "Human Anatomy" */;
			buildPhases = (
				A373BC0C269D43A60078269B /* Sources */,
				A373BC0D269D43A60078269B /* Frameworks */,
				A373BC0E269D43A60078269B /* Resources */,
			);
			buildRules = (
			);
			dependencies = (
			);
			name = "Human Anatomy";
			productName = "Human Anatomy";
			productReference = A373BC10269D43A70078269B /* Human Anatomy.app */;
			productType = "com.apple.product-type.application";
		};
/* End PBXNativeTarget section */

/* Begin PBXProject section */
		A373BC08269D43A60078269B /* Project object */ = {
			isa = PBXProject;
			attributes = {
				LastSwiftUpdateCheck = 1240;
				LastUpgradeCheck = 1240;
				TargetAttributes = {
					A373BC0F269D43A60078269B = {
						CreatedOnToolsVersion = 12.4;
					};
				};
			};
			buildConfigurationList = A373BC0B269D43A60078269B /* Build configuration list for PBXProject "Human Anatomy" */;
			compatibilityVersion = "Xcode 9.3";
			developmentRegion = en;
			hasScannedForEncodings = 0;
			knownRegions = (
				en,
				Base,
			);
			mainGroup = A373BC07269D43A60078269B;
			productRefGroup = A373BC11269D43A70078269B /* Products */;
			projectDirPath = "";
			projectRoot = "";
			targets = (
				A373BC0F269D43A60078269B /* Human Anatomy */,
			);
		};
/* End PBXProject section */

/* Begin PBXResourcesBuildPhase section */
		A373BC0E269D43A60078269B /* Resources */ = {
			isa = PBXResourcesBuildPhase;
			buildActionMask = 2147483647;
			files = (
				A373BC20269D43A80078269B /* LaunchScreen.storyboard in Resources */,
				A373BC1D269D43A80078269B /* Assets.xcassets in Resources */,
				A373BC30269D44590078269B /* Human Anatomy Text View Reference.pages in Resources */,
				A373BC1B269D43A70078269B /* Main.storyboard in Resources */,
				A373BC2D269D44590078269B /* the-digestive-system.png in Resources */,
				A373BC2F269D44590078269B /* Human Anatomy.jpg in Resources */,
				A373BC2E269D44590078269B /* Urinary System in Resources */,
			);
			runOnlyForDeploymentPostprocessing = 0;
		};
/* End PBXResourcesBuildPhase section */

/* Begin PBXSourcesBuildPhase section */
		A373BC0C269D43A60078269B /* Sources */ = {
			isa = PBXSourcesBuildPhase;
			buildActionMask = 2147483647;
			files = (
				A373BC18269D43A70078269B /* ViewController.swift in Sources */,
				A373BC14269D43A70078269B /* AppDelegate.swift in Sources */,
				A373BC16269D43A70078269B /* SceneDelegate.swift in Sources */,
			);
			runOnlyForDeploymentPostprocessing = 0;
		};
/* End PBXSourcesBuildPhase section */

/* Begin PBXVariantGroup section */
		A373BC19269D43A70078269B /* Main.storyboard */ = {
			isa = PBXVariantGroup;
			children = (
				A373BC1A269D43A70078269B /* Base */,
			);
			name = Main.storyboard;
			sourceTree = "<group>";
		};
		A373BC1E269D43A80078269B /* LaunchScreen.storyboard */ = {
			isa = PBXVariantGroup;
			children = (
				A373BC1F269D43A80078269B /* Base */,
			);
			name = LaunchScreen.storyboard;
			sourceTree = "<group>";
		};
/* End PBXVariantGroup section */

/* Begin XCBuildConfiguration section */
		A373BC22269D43A80078269B /* Debug */ = {
			isa = XCBuildConfiguration;
			buildSettings = {
				ALWAYS_SEARCH_USER_PATHS = NO;
				CLANG_ANALYZER_NONNULL = YES;
				CLANG_ANALYZER_NUMBER_OBJECT_CONVERSION = YES_AGGRESSIVE;
				CLANG_CXX_LANGUAGE_STANDARD = "gnu++14";
				CLANG_CXX_LIBRARY = "libc++";
				CLANG_ENABLE_MODULES = YES;
				CLANG_ENABLE_OBJC_ARC = YES;
				CLANG_ENABLE_OBJC_WEAK = YES;
				CLANG_WARN_BLOCK_CAPTURE_AUTORELEASING = YES;
				CLANG_WARN_BOOL_CONVERSION = YES;
				CLANG_WARN_COMMA = YES;
				CLANG_WARN_CONSTANT_CONVERSION = YES;
				CLANG_WARN_DEPRECATED_OBJC_IMPLEMENTATIONS = YES;
				CLANG_WARN_DIRECT_OBJC_ISA_USAGE = YES_ERROR;
				CLANG_WARN_DOCUMENTATION_COMMENTS = YES;
				CLANG_WARN_EMPTY_BODY = YES;
				CLANG_WARN_ENUM_CONVERSION = YES;
				CLANG_WARN_INFINITE_RECURSION = YES;
				CLANG_WARN_INT_CONVERSION = YES;
				CLANG_WARN_NON_LITERAL_NULL_CONVERSION = YES;
				CLANG_WARN_OBJC_IMPLICIT_RETAIN_SELF = YES;
				CLANG_WARN_OBJC_LITERAL_CONVERSION = YES;
				CLANG_WARN_OBJC_ROOT_CLASS = YES_ERROR;
				CLANG_WARN_QUOTED_INCLUDE_IN_FRAMEWORK_HEADER = YES;
				CLANG_WARN_RANGE_LOOP_ANALYSIS = YES;
				CLANG_WARN_STRICT_PROTOTYPES = YES;
				CLANG_WARN_SUSPICIOUS_MOVE = YES;
				CLANG_WARN_UNGUARDED_AVAILABILITY = YES_AGGRESSIVE;
				CLANG_WARN_UNREACHABLE_CODE = YES;
				CLANG_WARN__DUPLICATE_METHOD_MATCH = YES;
				COPY_PHASE_STRIP = NO;
				DEBUG_INFORMATION_FORMAT = dwarf;
				ENABLE_STRICT_OBJC_MSGSEND = YES;
				ENABLE_TESTABILITY = YES;
				GCC_C_LANGUAGE_STANDARD = gnu11;
				GCC_DYNAMIC_NO_PIC = NO;
				GCC_NO_COMMON_BLOCKS = YES;
				GCC_OPTIMIZATION_LEVEL = 0;
				GCC_PREPROCESSOR_DEFINITIONS = (
					"DEBUG=1",
					"$(inherited)",
				);
				GCC_WARN_64_TO_32_BIT_CONVERSION = YES;
				GCC_WARN_ABOUT_RETURN_TYPE = YES_ERROR;
				GCC_WARN_UNDECLARED_SELECTOR = YES;
				GCC_WARN_UNINITIALIZED_AUTOS = YES_AGGRESSIVE;
				GCC_WARN_UNUSED_FUNCTION = YES;
				GCC_WARN_UNUSED_VARIABLE = YES;
				IPHONEOS_DEPLOYMENT_TARGET = 14.4;
				MTL_ENABLE_DEBUG_INFO = INCLUDE_SOURCE;
				MTL_FAST_MATH = YES;
				ONLY_ACTIVE_ARCH = YES;
				SDKROOT = iphoneos;
				SWIFT_ACTIVE_COMPILATION_CONDITIONS = DEBUG;
				SWIFT_OPTIMIZATION_LEVEL = "-Onone";
			};
			name = Debug;
		};
		A373BC23269D43A80078269B /* Release */ = {
			isa = XCBuildConfiguration;
			buildSettings = {
				ALWAYS_SEARCH_USER_PATHS = NO;
				CLANG_ANALYZER_NONNULL = YES;
				CLANG_ANALYZER_NUMBER_OBJECT_CONVERSION = YES_AGGRESSIVE;
				CLANG_CXX_LANGUAGE_STANDARD = "gnu++14";
				CLANG_CXX_LIBRARY = "libc++";
				CLANG_ENABLE_MODULES = YES;
				CLANG_ENABLE_OBJC_ARC = YES;
				CLANG_ENABLE_OBJC_WEAK = YES;
				CLANG_WARN_BLOCK_CAPTURE_AUTORELEASING = YES;
				CLANG_WARN_BOOL_CONVERSION = YES;
				CLANG_WARN_COMMA = YES;
				CLANG_WARN_CONSTANT_CONVERSION = YES;
				CLANG_WARN_DEPRECATED_OBJC_IMPLEMENTATIONS = YES;
				CLANG_WARN_DIRECT_OBJC_ISA_USAGE = YES_ERROR;
				CLANG_WARN_DOCUMENTATION_COMMENTS = YES;
				CLANG_WARN_EMPTY_BODY = YES;
				CLANG_WARN_ENUM_CONVERSION = YES;
				CLANG_WARN_INFINITE_RECURSION = YES;
				CLANG_WARN_INT_CONVERSION = YES;
				CLANG_WARN_NON_LITERAL_NULL_CONVERSION = YES;
				CLANG_WARN_OBJC_IMPLICIT_RETAIN_SELF = YES;
				CLANG_WARN_OBJC_LITERAL_CONVERSION = YES;
				CLANG_WARN_OBJC_ROOT_CLASS = YES_ERROR;
				CLANG_WARN_QUOTED_INCLUDE_IN_FRAMEWORK_HEADER = YES;
				CLANG_WARN_RANGE_LOOP_ANALYSIS = YES;
				CLANG_WARN_STRICT_PROTOTYPES = YES;
				CLANG_WARN_SUSPICIOUS_MOVE = YES;
				CLANG_WARN_UNGUARDED_AVAILABILITY = YES_AGGRESSIVE;
				CLANG_WARN_UNREACHABLE_CODE = YES;
				CLANG_WARN__DUPLICATE_METHOD_MATCH = YES;
				COPY_PHASE_STRIP = NO;
				DEBUG_INFORMATION_FORMAT = "dwarf-with-dsym";
				ENABLE_NS_ASSERTIONS = NO;
				ENABLE_STRICT_OBJC_MSGSEND = YES;
				GCC_C_LANGUAGE_STANDARD = gnu11;
				GCC_NO_COMMON_BLOCKS = YES;
				GCC_WARN_64_TO_32_BIT_CONVERSION = YES;
				GCC_WARN_ABOUT_RETURN_TYPE = YES_ERROR;
				GCC_WARN_UNDECLARED_SELECTOR = YES;
				GCC_WARN_UNINITIALIZED_AUTOS = YES_AGGRESSIVE;
				GCC_WARN_UNUSED_FUNCTION = YES;
				GCC_WARN_UNUSED_VARIABLE = YES;
				IPHONEOS_DEPLOYMENT_TARGET = 14.4;
				MTL_ENABLE_DEBUG_INFO = NO;
				MTL_FAST_MATH = YES;
				SDKROOT = iphoneos;
				SWIFT_COMPILATION_MODE = wholemodule;
				SWIFT_OPTIMIZATION_LEVEL = "-O";
				VALIDATE_PRODUCT = YES;
			};
			name = Release;
		};
		A373BC25269D43A80078269B /* Debug */ = {
			isa = XCBuildConfiguration;
			buildSettings = {
				ASSETCATALOG_COMPILER_APPICON_NAME = AppIcon;
				ASSETCATALOG_COMPILER_GLOBAL_ACCENT_COLOR_NAME = AccentColor;
				CODE_SIGN_STYLE = Automatic;
				INFOPLIST_FILE = "Human Anatomy/Info.plist";
				LD_RUNPATH_SEARCH_PATHS = (
					"$(inherited)",
					"@executable_path/Frameworks",
				);
				PRODUCT_BUNDLE_IDENTIFIER = "Prince-Carl-Velasco.Human-Anatomy";
				PRODUCT_NAME = "$(TARGET_NAME)";
				SWIFT_VERSION = 5.0;
				TARGETED_DEVICE_FAMILY = "1,2";
			};
			name = Debug;
		};
		A373BC26269D43A80078269B /* Release */ = {
			isa = XCBuildConfiguration;
			buildSettings = {
				ASSETCATALOG_COMPILER_APPICON_NAME = AppIcon;
				ASSETCATALOG_COMPILER_GLOBAL_ACCENT_COLOR_NAME = AccentColor;
				CODE_SIGN_STYLE = Automatic;
				INFOPLIST_FILE = "Human Anatomy/Info.plist";
				LD_RUNPATH_SEARCH_PATHS = (
					"$(inherited)",
					"@executable_path/Frameworks",
				);
				PRODUCT_BUNDLE_IDENTIFIER = "Prince-Carl-Velasco.Human-Anatomy";
				PRODUCT_NAME = "$(TARGET_NAME)";
				SWIFT_VERSION = 5.0;
				TARGETED_DEVICE_FAMILY = "1,2";
			};
			name = Release;
		};
/* End XCBuildConfiguration section */

/* Begin XCConfigurationList section */
		A373BC0B269D43A60078269B /* Build configuration list for PBXProject "Human Anatomy" */ = {
			isa = XCConfigurationList;
			buildConfigurations = (
				A373BC22269D43A80078269B /* Debug */,
				A373BC23269D43A80078269B /* Release */,
			);
			defaultConfigurationIsVisible = 0;
			defaultConfigurationName = Release;
		};
		A373BC24269D43A80078269B /* Build configuration list for PBXNativeTarget "Human Anatomy" */ = {
			isa = XCConfigurationList;
			buildConfigurations = (
				A373BC25269D43A80078269B /* Debug */,
				A373BC26269D43A80078269B /* Release */,
			);
			defaultConfigurationIsVisible = 0;
			defaultConfigurationName = Release;
		};
/* End XCConfigurationList section */
	};
	rootObject = A373BC08269D43A60078269B /* Project object */;
}
